
Microsoft Visual Studio Solution File, Format Version 12.00
# Visual Studio Version 17
VisualStudioVersion = 17.3.32922.545
MinimumVisualStudioVersion = 10.0.40219.1
Project("{9A19103F-16F7-4668-BE54-9A1E7A4F7556}") = "DYRQO6_HFT_2021222.Client", "CarsDbApp.Client\DYRQO6_HFT_2021222.Client.csproj", "{B87813B9-6107-4023-8FA2-D5C17FFD3E7E}"
EndProject
Project("{9A19103F-16F7-4668-BE54-9A1E7A4F7556}") = "DYRQO6_HFT_2021222.Models", "CarsDbApp.Models\DYRQO6_HFT_2021222.Models.csproj", "{172B7474-3883-4629-8944-B3664C005A4E}"
EndProject
Project("{9A19103F-16F7-4668-BE54-9A1E7A4F7556}") = "DYRQO6_HFT_2021222.Repository", "CarsDbApp.Repository\DYRQO6_HFT_2021222.Repository.csproj", "{4B7DD56D-34D3-4CFD-A785-D38F51FD4CB9}"
EndProject
Project("{9A19103F-16F7-4668-BE54-9A1E7A4F7556}") = "DYRQO6_HFT_2021222.Logic", "CarsDbApp.Logic\DYRQO6_HFT_2021222.Logic.csproj", "{B6F45635-4079-4703-BED0-E8D08B711B14}"
EndProject
Global
	GlobalSection(SolutionConfigurationPlatforms) = preSolution
		Debug|Any CPU = Debug|Any CPU
		Release|Any CPU = Release|Any CPU
	EndGlobalSection
	GlobalSection(ProjectConfigurationPlatforms) = postSolution
		{B87813B9-6107-4023-8FA2-D5C17FFD3E7E}.Debug|Any CPU.ActiveCfg = Debug|Any CPU
		{B87813B9-6107-4023-8FA2-D5C17FFD3E7E}.Debug|Any CPU.Build.0 = Debug|Any CPU
		{B87813B9-6107-4023-8FA2-D5C17FFD3E7E}.Release|Any CPU.ActiveCfg = Release|Any CPU
		{B87813B9-6107-4023-8FA2-D5C17FFD3E7E}.Release|Any CPU.Build.0 = Release|Any CPU
		{172B7474-3883-4629-8944-B3664C005A4E}.Debug|Any CPU.ActiveCfg = Debug|Any CPU
		{172B7474-3883-4629-8944-B3664C005A4E}.Debug|Any CPU.Build.0 = Debug|Any CPU
		{172B7474-3883-4629-8944-B3664C005A4E}.Release|Any CPU.ActiveCfg = Release|Any CPU
		{172B7474-3883-4629-8944-B3664C005A4E}.Release|Any CPU.Build.0 = Release|Any CPU
		{4B7DD56D-34D3-4CFD-A785-D38F51FD4CB9}.Debug|Any CPU.ActiveCfg = Debug|Any CPU
		{4B7DD56D-34D3-4CFD-A785-D38F51FD4CB9}.Debug|Any CPU.Build.0 = Debug|Any CPU
		{4B7DD56D-34D3-4CFD-A785-D38F51FD4CB9}.Release|Any CPU.ActiveCfg = Release|Any CPU
		{4B7DD56D-34D3-4CFD-A785-D38F51FD4CB9}.Release|Any CPU.Build.0 = Release|Any CPU
		{B6F45635-4079-4703-BED0-E8D08B711B14}.Debug|Any CPU.ActiveCfg = Debug|Any CPU
		{B6F45635-4079-4703-BED0-E8D08B711B14}.Debug|Any CPU.Build.0 = Debug|Any CPU
		{B6F45635-4079-4703-BED0-E8D08B711B14}.Release|Any CPU.ActiveCfg = Release|Any CPU
		{B6F45635-4079-4703-BED0-E8D08B711B14}.Release|Any CPU.Build.0 = Release|Any CPU
	EndGlobalSection
	GlobalSection(SolutionProperties) = preSolution
		HideSolutionNode = FALSE
	EndGlobalSection
	GlobalSection(ExtensibilityGlobals) = postSolution
		SolutionGuid = {5B07E7AF-63F5-4E87-A1C3-68ABE80A0527}
	EndGlobalSection
EndGlobal
